
Microsoft Visual Studio Solution File, Format Version 12.00
# Visual Studio Version 17
VisualStudioVersion = 17.8.34330.188
MinimumVisualStudioVersion = 10.0.40219.1
Project("{9A19103F-16F7-4668-BE54-9A1E7A4F7556}") = "UTM.WpfApp", "Src\UTM.WpfApp\UTM.WpfApp.csproj", "{785DE8AB-F763-4A66-8804-EC8FC16FB5E7}"
EndProject
Project("{FAE04EC0-301F-11D3-BF4B-00C04F79EFBC}") = "CronBlocks.UserControls.Wpf", "Src\CronBlocks.UserControls.Wpf\CronBlocks.UserControls.Wpf.csproj", "{DE1D53FA-34C5-4946-97A8-182F03FA6E55}"
EndProject
Project("{FAE04EC0-301F-11D3-BF4B-00C04F79EFBC}") = "CronBlocks.SerialPortInterface", "Src\CronBlocks.SerialPortInterface\CronBlocks.SerialPortInterface.csproj", "{2C9287B4-8C03-4803-9F7C-0F3B3976588F}"
EndProject
Project("{FAE04EC0-301F-11D3-BF4B-00C04F79EFBC}") = "CronBlocks.Helpers", "Src\CronBlocks.Helpers\CronBlocks.Helpers.csproj", "{03147E06-C868-44DD-B6FF-6C29288B3450}"
EndProject
Global
	GlobalSection(SolutionConfigurationPlatforms) = preSolution
		Debug|Any CPU = Debug|Any CPU
		Release|Any CPU = Release|Any CPU
	EndGlobalSection
	GlobalSection(ProjectConfigurationPlatforms) = postSolution
		{785DE8AB-F763-4A66-8804-EC8FC16FB5E7}.Debug|Any CPU.ActiveCfg = Debug|Any CPU
		{785DE8AB-F763-4A66-8804-EC8FC16FB5E7}.Debug|Any CPU.Build.0 = Debug|Any CPU
		{785DE8AB-F763-4A66-8804-EC8FC16FB5E7}.Release|Any CPU.ActiveCfg = Release|Any CPU
		{785DE8AB-F763-4A66-8804-EC8FC16FB5E7}.Release|Any CPU.Build.0 = Release|Any CPU
		{DE1D53FA-34C5-4946-97A8-182F03FA6E55}.Debug|Any CPU.ActiveCfg = Debug|Any CPU
		{DE1D53FA-34C5-4946-97A8-182F03FA6E55}.Debug|Any CPU.Build.0 = Debug|Any CPU
		{DE1D53FA-34C5-4946-97A8-182F03FA6E55}.Release|Any CPU.ActiveCfg = Release|Any CPU
		{DE1D53FA-34C5-4946-97A8-182F03FA6E55}.Release|Any CPU.Build.0 = Release|Any CPU
		{2C9287B4-8C03-4803-9F7C-0F3B3976588F}.Debug|Any CPU.ActiveCfg = Debug|Any CPU
		{2C9287B4-8C03-4803-9F7C-0F3B3976588F}.Debug|Any CPU.Build.0 = Debug|Any CPU
		{2C9287B4-8C03-4803-9F7C-0F3B3976588F}.Release|Any CPU.ActiveCfg = Release|Any CPU
		{2C9287B4-8C03-4803-9F7C-0F3B3976588F}.Release|Any CPU.Build.0 = Release|Any CPU
		{03147E06-C868-44DD-B6FF-6C29288B3450}.Debug|Any CPU.ActiveCfg = Debug|Any CPU
		{03147E06-C868-44DD-B6FF-6C29288B3450}.Debug|Any CPU.Build.0 = Debug|Any CPU
		{03147E06-C868-44DD-B6FF-6C29288B3450}.Release|Any CPU.ActiveCfg = Release|Any CPU
		{03147E06-C868-44DD-B6FF-6C29288B3450}.Release|Any CPU.Build.0 = Release|Any CPU
	EndGlobalSection
	GlobalSection(SolutionProperties) = preSolution
		HideSolutionNode = FALSE
	EndGlobalSection
	GlobalSection(ExtensibilityGlobals) = postSolution
		SolutionGuid = {ABE2EC5A-354D-48B6-AD49-929A43D75B72}
	EndGlobalSection
EndGlobal
